# This file is automatically generated by wit.
# It is not intended for manual editing.
version = 1

[[package]]
name = "wasi:clocks"

[[package.version]]
requirement = "^0.2.0"
version = "0.2.0"
digest = "sha256:51911098e929732f65d1d84f8dc393299f18a9e8de632d854714f37142efe97b"

[[package]]
name = "wasi:io"

[[package.version]]
requirement = "^0.2.0"
version = "0.2.0"
digest = "sha256:c33b1dbf050f64229ff4decbf9a3d3420e0643a86f5f0cea29f81054820020a6"
